
Microsoft Visual Studio Solution File, Format Version 12.00
# Visual Studio Version 16
VisualStudioVersion = 16.0.28917.181
MinimumVisualStudioVersion = 10.0.40219.1
Project("{9A19103F-16F7-4668-BE54-9A1E7A4F7556}") = "Portal.Domain", "Portal.Domain\Portal.Domain.csproj", "{3BB2D5DA-4F46-40BC-AC32-5E6DF254551C}"
EndProject
Project("{9A19103F-16F7-4668-BE54-9A1E7A4F7556}") = "Portal.Business", "Portal.Business\Portal.Business.csproj", "{25284A4B-9804-4DDB-B610-0500B060AEFF}"
EndProject
Project("{9A19103F-16F7-4668-BE54-9A1E7A4F7556}") = "Portal", "Portal\Portal.csproj", "{4E11396D-583A-4E49-8623-5BE64C6E7518}"
EndProject
Project("{9A19103F-16F7-4668-BE54-9A1E7A4F7556}") = "Portal.Test", "Portal.Test\Portal.Test.csproj", "{23F51871-D1AE-478F-99C8-3512C39671BA}"
EndProject
Global
	GlobalSection(SolutionConfigurationPlatforms) = preSolution
		Debug|Any CPU = Debug|Any CPU
		Release|Any CPU = Release|Any CPU
	EndGlobalSection
	GlobalSection(ProjectConfigurationPlatforms) = postSolution
		{3BB2D5DA-4F46-40BC-AC32-5E6DF254551C}.Debug|Any CPU.ActiveCfg = Debug|Any CPU
		{3BB2D5DA-4F46-40BC-AC32-5E6DF254551C}.Debug|Any CPU.Build.0 = Debug|Any CPU
		{3BB2D5DA-4F46-40BC-AC32-5E6DF254551C}.Release|Any CPU.ActiveCfg = Release|Any CPU
		{3BB2D5DA-4F46-40BC-AC32-5E6DF254551C}.Release|Any CPU.Build.0 = Release|Any CPU
		{25284A4B-9804-4DDB-B610-0500B060AEFF}.Debug|Any CPU.ActiveCfg = Debug|Any CPU
		{25284A4B-9804-4DDB-B610-0500B060AEFF}.Debug|Any CPU.Build.0 = Debug|Any CPU
		{25284A4B-9804-4DDB-B610-0500B060AEFF}.Release|Any CPU.ActiveCfg = Release|Any CPU
		{25284A4B-9804-4DDB-B610-0500B060AEFF}.Release|Any CPU.Build.0 = Release|Any CPU
		{4E11396D-583A-4E49-8623-5BE64C6E7518}.Debug|Any CPU.ActiveCfg = Debug|Any CPU
		{4E11396D-583A-4E49-8623-5BE64C6E7518}.Debug|Any CPU.Build.0 = Debug|Any CPU
		{4E11396D-583A-4E49-8623-5BE64C6E7518}.Release|Any CPU.ActiveCfg = Release|Any CPU
		{4E11396D-583A-4E49-8623-5BE64C6E7518}.Release|Any CPU.Build.0 = Release|Any CPU
		{23F51871-D1AE-478F-99C8-3512C39671BA}.Debug|Any CPU.ActiveCfg = Debug|Any CPU
		{23F51871-D1AE-478F-99C8-3512C39671BA}.Debug|Any CPU.Build.0 = Debug|Any CPU
		{23F51871-D1AE-478F-99C8-3512C39671BA}.Release|Any CPU.ActiveCfg = Release|Any CPU
		{23F51871-D1AE-478F-99C8-3512C39671BA}.Release|Any CPU.Build.0 = Release|Any CPU
	EndGlobalSection
	GlobalSection(SolutionProperties) = preSolution
		HideSolutionNode = FALSE
	EndGlobalSection
	GlobalSection(ExtensibilityGlobals) = postSolution
		SolutionGuid = {8E775EB1-719D-4F9C-A27B-4B9459F162E0}
	EndGlobalSection
EndGlobal
